// !$*UTF8*$!
{
	archiveVersion = 1;
	classes = {
	};
	objectVersion = 56;
	objects = {

/* Begin PBXBuildFile section */
		7F6A9FE42CB703D3003AE5B6 /* pocApp.swift in Sources */ = {isa = PBXBuildFile; fileRef = 7F6A9FE32CB703D3003AE5B6 /* pocApp.swift */; };
		7F6A9FE62CB703D3003AE5B6 /* ContentView.swift in Sources */ = {isa = PBXBuildFile; fileRef = 7F6A9FE52CB703D3003AE5B6 /* ContentView.swift */; };
		7F6A9FE82CB703D5003AE5B6 /* Assets.xcassets in Resources */ = {isa = PBXBuildFile; fileRef = 7F6A9FE72CB703D5003AE5B6 /* Assets.xcassets */; };
		7F6A9FEB2CB703D5003AE5B6 /* Preview Assets.xcassets in Resources */ = {isa = PBXBuildFile; fileRef = 7F6A9FEA2CB703D5003AE5B6 /* Preview Assets.xcassets */; };
		7F6A9FF52CB703D5003AE5B6 /* pocTests.swift in Sources */ = {isa = PBXBuildFile; fileRef = 7F6A9FF42CB703D5003AE5B6 /* pocTests.swift */; };
		7F6A9FFF2CB703D5003AE5B6 /* pocUITests.swift in Sources */ = {isa = PBXBuildFile; fileRef = 7F6A9FFE2CB703D5003AE5B6 /* pocUITests.swift */; };
		7F6AA0012CB703D5003AE5B6 /* pocUITestsLaunchTests.swift in Sources */ = {isa = PBXBuildFile; fileRef = 7F6AA0002CB703D5003AE5B6 /* pocUITestsLaunchTests.swift */; };
		7F6AA0112CB704FE003AE5B6 /* testeModel.swift in Sources */ = {isa = PBXBuildFile; fileRef = 7F6AA0102CB704FE003AE5B6 /* testeModel.swift */; };
		7F6AA0132CB70551003AE5B6 /* testePresenter.swift in Sources */ = {isa = PBXBuildFile; fileRef = 7F6AA0122CB70551003AE5B6 /* testePresenter.swift */; };
/* End PBXBuildFile section */

/* Begin PBXContainerItemProxy section */
		7F6A9FF12CB703D5003AE5B6 /* PBXContainerItemProxy */ = {
			isa = PBXContainerItemProxy;
			containerPortal = 7F6A9FD82CB703D3003AE5B6 /* Project object */;
			proxyType = 1;
			remoteGlobalIDString = 7F6A9FDF2CB703D3003AE5B6;
			remoteInfo = poc;
		};
		7F6A9FFB2CB703D5003AE5B6 /* PBXContainerItemProxy */ = {
			isa = PBXContainerItemProxy;
			containerPortal = 7F6A9FD82CB703D3003AE5B6 /* Project object */;
			proxyType = 1;
			remoteGlobalIDString = 7F6A9FDF2CB703D3003AE5B6;
			remoteInfo = poc;
		};
/* End PBXContainerItemProxy section */

/* Begin PBXFileReference section */
		7F6A9FE02CB703D3003AE5B6 /* poc.app */ = {isa = PBXFileReference; explicitFileType = wrapper.application; includeInIndex = 0; path = poc.app; sourceTree = BUILT_PRODUCTS_DIR; };
		7F6A9FE32CB703D3003AE5B6 /* pocApp.swift */ = {isa = PBXFileReference; lastKnownFileType = sourcecode.swift; path = pocApp.swift; sourceTree = "<group>"; };
		7F6A9FE52CB703D3003AE5B6 /* ContentView.swift */ = {isa = PBXFileReference; lastKnownFileType = sourcecode.swift; path = ContentView.swift; sourceTree = "<group>"; };
		7F6A9FE72CB703D5003AE5B6 /* Assets.xcassets */ = {isa = PBXFileReference; lastKnownFileType = folder.assetcatalog; path = Assets.xcassets; sourceTree = "<group>"; };
		7F6A9FEA2CB703D5003AE5B6 /* Preview Assets.xcassets */ = {isa = PBXFileReference; lastKnownFileType = folder.assetcatalog; path = "Preview Assets.xcassets"; sourceTree = "<group>"; };
		7F6A9FF02CB703D5003AE5B6 /* pocTests.xctest */ = {isa = PBXFileReference; explicitFileType = wrapper.cfbundle; includeInIndex = 0; path = pocTests.xctest; sourceTree = BUILT_PRODUCTS_DIR; };
		7F6A9FF42CB703D5003AE5B6 /* pocTests.swift */ = {isa = PBXFileReference; lastKnownFileType = sourcecode.swift; path = pocTests.swift; sourceTree = "<group>"; };
		7F6A9FFA2CB703D5003AE5B6 /* pocUITests.xctest */ = {isa = PBXFileReference; explicitFileType = wrapper.cfbundle; includeInIndex = 0; path = pocUITests.xctest; sourceTree = BUILT_PRODUCTS_DIR; };
		7F6A9FFE2CB703D5003AE5B6 /* pocUITests.swift */ = {isa = PBXFileReference; lastKnownFileType = sourcecode.swift; path = pocUITests.swift; sourceTree = "<group>"; };
		7F6AA0002CB703D5003AE5B6 /* pocUITestsLaunchTests.swift */ = {isa = PBXFileReference; lastKnownFileType = sourcecode.swift; path = pocUITestsLaunchTests.swift; sourceTree = "<group>"; };
		7F6AA0102CB704FE003AE5B6 /* testeModel.swift */ = {isa = PBXFileReference; lastKnownFileType = sourcecode.swift; path = testeModel.swift; sourceTree = "<group>"; };
		7F6AA0122CB70551003AE5B6 /* testePresenter.swift */ = {isa = PBXFileReference; lastKnownFileType = sourcecode.swift; path = testePresenter.swift; sourceTree = "<group>"; };
/* End PBXFileReference section */

/* Begin PBXFrameworksBuildPhase section */
		7F6A9FDD2CB703D3003AE5B6 /* Frameworks */ = {
			isa = PBXFrameworksBuildPhase;
			buildActionMask = 2147483647;
			files = (
			);
			runOnlyForDeploymentPostprocessing = 0;
		};
		7F6A9FED2CB703D5003AE5B6 /* Frameworks */ = {
			isa = PBXFrameworksBuildPhase;
			buildActionMask = 2147483647;
			files = (
			);
			runOnlyForDeploymentPostprocessing = 0;
		};
		7F6A9FF72CB703D5003AE5B6 /* Frameworks */ = {
			isa = PBXFrameworksBuildPhase;
			buildActionMask = 2147483647;
			files = (
			);
			runOnlyForDeploymentPostprocessing = 0;
		};
/* End PBXFrameworksBuildPhase section */

/* Begin PBXGroup section */
		7F6A9FD72CB703D3003AE5B6 = {
			isa = PBXGroup;
			children = (
				7F6A9FE22CB703D3003AE5B6 /* poc */,
				7F6A9FF32CB703D5003AE5B6 /* pocTests */,
				7F6A9FFD2CB703D5003AE5B6 /* pocUITests */,
				7F6A9FE12CB703D3003AE5B6 /* Products */,
			);
			sourceTree = "<group>";
		};
		7F6A9FE12CB703D3003AE5B6 /* Products */ = {
			isa = PBXGroup;
			children = (
				7F6A9FE02CB703D3003AE5B6 /* poc.app */,
				7F6A9FF02CB703D5003AE5B6 /* pocTests.xctest */,
				7F6A9FFA2CB703D5003AE5B6 /* pocUITests.xctest */,
			);
			name = Products;
			sourceTree = "<group>";
		};
		7F6A9FE22CB703D3003AE5B6 /* poc */ = {
			isa = PBXGroup;
			children = (
				7F6A9FE32CB703D3003AE5B6 /* pocApp.swift */,
				7F6AA00F2CB70461003AE5B6 /* Presenter */,
				7F6AA00E2CB70456003AE5B6 /* View */,
				7F6AA00D2CB70443003AE5B6 /* Model */,
				7F6A9FE72CB703D5003AE5B6 /* Assets.xcassets */,
				7F6A9FE92CB703D5003AE5B6 /* Preview Content */,
			);
			path = poc;
			sourceTree = "<group>";
		};
		7F6A9FE92CB703D5003AE5B6 /* Preview Content */ = {
			isa = PBXGroup;
			children = (
				7F6A9FEA2CB703D5003AE5B6 /* Preview Assets.xcassets */,
			);
			path = "Preview Content";
			sourceTree = "<group>";
		};
		7F6A9FF32CB703D5003AE5B6 /* pocTests */ = {
			isa = PBXGroup;
			children = (
				7F6A9FF42CB703D5003AE5B6 /* pocTests.swift */,
			);
			path = pocTests;
			sourceTree = "<group>";
		};
		7F6A9FFD2CB703D5003AE5B6 /* pocUITests */ = {
			isa = PBXGroup;
			children = (
				7F6A9FFE2CB703D5003AE5B6 /* pocUITests.swift */,
				7F6AA0002CB703D5003AE5B6 /* pocUITestsLaunchTests.swift */,
			);
			path = pocUITests;
			sourceTree = "<group>";
		};
		7F6AA00D2CB70443003AE5B6 /* Model */ = {
			isa = PBXGroup;
			children = (
				7F6AA0102CB704FE003AE5B6 /* testeModel.swift */,
			);
			path = Model;
			sourceTree = "<group>";
		};
		7F6AA00E2CB70456003AE5B6 /* View */ = {
			isa = PBXGroup;
			children = (
				7F6A9FE52CB703D3003AE5B6 /* ContentView.swift */,
			);
			path = View;
			sourceTree = "<group>";
		};
		7F6AA00F2CB70461003AE5B6 /* Presenter */ = {
			isa = PBXGroup;
			children = (
				7F6AA0122CB70551003AE5B6 /* testePresenter.swift */,
			);
			path = Presenter;
			sourceTree = "<group>";
		};
/* End PBXGroup section */

/* Begin PBXNativeTarget section */
		7F6A9FDF2CB703D3003AE5B6 /* poc */ = {
			isa = PBXNativeTarget;
			buildConfigurationList = 7F6AA0042CB703D5003AE5B6 /* Build configuration list for PBXNativeTarget "poc" */;
			buildPhases = (
				7F6A9FDC2CB703D3003AE5B6 /* Sources */,
				7F6A9FDD2CB703D3003AE5B6 /* Frameworks */,
				7F6A9FDE2CB703D3003AE5B6 /* Resources */,
			);
			buildRules = (
			);
			dependencies = (
			);
			name = poc;
			productName = poc;
			productReference = 7F6A9FE02CB703D3003AE5B6 /* poc.app */;
			productType = "com.apple.product-type.application";
		};
		7F6A9FEF2CB703D5003AE5B6 /* pocTests */ = {
			isa = PBXNativeTarget;
			buildConfigurationList = 7F6AA0072CB703D5003AE5B6 /* Build configuration list for PBXNativeTarget "pocTests" */;
			buildPhases = (
				7F6A9FEC2CB703D5003AE5B6 /* Sources */,
				7F6A9FED2CB703D5003AE5B6 /* Frameworks */,
				7F6A9FEE2CB703D5003AE5B6 /* Resources */,
			);
			buildRules = (
			);
			dependencies = (
				7F6A9FF22CB703D5003AE5B6 /* PBXTargetDependency */,
			);
			name = pocTests;
			productName = pocTests;
			productReference = 7F6A9FF02CB703D5003AE5B6 /* pocTests.xctest */;
			productType = "com.apple.product-type.bundle.unit-test";
		};
		7F6A9FF92CB703D5003AE5B6 /* pocUITests */ = {
			isa = PBXNativeTarget;
			buildConfigurationList = 7F6AA00A2CB703D5003AE5B6 /* Build configuration list for PBXNativeTarget "pocUITests" */;
			buildPhases = (
				7F6A9FF62CB703D5003AE5B6 /* Sources */,
				7F6A9FF72CB703D5003AE5B6 /* Frameworks */,
				7F6A9FF82CB703D5003AE5B6 /* Resources */,
			);
			buildRules = (
			);
			dependencies = (
				7F6A9FFC2CB703D5003AE5B6 /* PBXTargetDependency */,
			);
			name = pocUITests;
			productName = pocUITests;
			productReference = 7F6A9FFA2CB703D5003AE5B6 /* pocUITests.xctest */;
			productType = "com.apple.product-type.bundle.ui-testing";
		};
/* End PBXNativeTarget section */

/* Begin PBXProject section */
		7F6A9FD82CB703D3003AE5B6 /* Project object */ = {
			isa = PBXProject;
			attributes = {
				BuildIndependentTargetsInParallel = 1;
				LastSwiftUpdateCheck = 1520;
				LastUpgradeCheck = 1520;
				TargetAttributes = {
					7F6A9FDF2CB703D3003AE5B6 = {
						CreatedOnToolsVersion = 15.2;
					};
					7F6A9FEF2CB703D5003AE5B6 = {
						CreatedOnToolsVersion = 15.2;
						TestTargetID = 7F6A9FDF2CB703D3003AE5B6;
					};
					7F6A9FF92CB703D5003AE5B6 = {
						CreatedOnToolsVersion = 15.2;
						TestTargetID = 7F6A9FDF2CB703D3003AE5B6;
					};
				};
			};
			buildConfigurationList = 7F6A9FDB2CB703D3003AE5B6 /* Build configuration list for PBXProject "poc" */;
			compatibilityVersion = "Xcode 14.0";
			developmentRegion = en;
			hasScannedForEncodings = 0;
			knownRegions = (
				en,
				Base,
			);
			mainGroup = 7F6A9FD72CB703D3003AE5B6;
			productRefGroup = 7F6A9FE12CB703D3003AE5B6 /* Products */;
			projectDirPath = "";
			projectRoot = "";
			targets = (
				7F6A9FDF2CB703D3003AE5B6 /* poc */,
				7F6A9FEF2CB703D5003AE5B6 /* pocTests */,
				7F6A9FF92CB703D5003AE5B6 /* pocUITests */,
			);
		};
/* End PBXProject section */

/* Begin PBXResourcesBuildPhase section */
		7F6A9FDE2CB703D3003AE5B6 /* Resources */ = {
			isa = PBXResourcesBuildPhase;
			buildActionMask = 2147483647;
			files = (
				7F6A9FEB2CB703D5003AE5B6 /* Preview Assets.xcassets in Resources */,
				7F6A9FE82CB703D5003AE5B6 /* Assets.xcassets in Resources */,
			);
			runOnlyForDeploymentPostprocessing = 0;
		};
		7F6A9FEE2CB703D5003AE5B6 /* Resources */ = {
			isa = PBXResourcesBuildPhase;
			buildActionMask = 2147483647;
			files = (
			);
			runOnlyForDeploymentPostprocessing = 0;
		};
		7F6A9FF82CB703D5003AE5B6 /* Resources */ = {
			isa = PBXResourcesBuildPhase;
			buildActionMask = 2147483647;
			files = (
			);
			runOnlyForDeploymentPostprocessing = 0;
		};
/* End PBXResourcesBuildPhase section */

/* Begin PBXSourcesBuildPhase section */
		7F6A9FDC2CB703D3003AE5B6 /* Sources */ = {
			isa = PBXSourcesBuildPhase;
			buildActionMask = 2147483647;
			files = (
				7F6AA0132CB70551003AE5B6 /* testePresenter.swift in Sources */,
				7F6AA0112CB704FE003AE5B6 /* testeModel.swift in Sources */,
				7F6A9FE62CB703D3003AE5B6 /* ContentView.swift in Sources */,
				7F6A9FE42CB703D3003AE5B6 /* pocApp.swift in Sources */,
			);
			runOnlyForDeploymentPostprocessing = 0;
		};
		7F6A9FEC2CB703D5003AE5B6 /* Sources */ = {
			isa = PBXSourcesBuildPhase;
			buildActionMask = 2147483647;
			files = (
				7F6A9FF52CB703D5003AE5B6 /* pocTests.swift in Sources */,
			);
			runOnlyForDeploymentPostprocessing = 0;
		};
		7F6A9FF62CB703D5003AE5B6 /* Sources */ = {
			isa = PBXSourcesBuildPhase;
			buildActionMask = 2147483647;
			files = (
				7F6A9FFF2CB703D5003AE5B6 /* pocUITests.swift in Sources */,
				7F6AA0012CB703D5003AE5B6 /* pocUITestsLaunchTests.swift in Sources */,
			);
			runOnlyForDeploymentPostprocessing = 0;
		};
/* End PBXSourcesBuildPhase section */

/* Begin PBXTargetDependency section */
		7F6A9FF22CB703D5003AE5B6 /* PBXTargetDependency */ = {
			isa = PBXTargetDependency;
			target = 7F6A9FDF2CB703D3003AE5B6 /* poc */;
			targetProxy = 7F6A9FF12CB703D5003AE5B6 /* PBXContainerItemProxy */;
		};
		7F6A9FFC2CB703D5003AE5B6 /* PBXTargetDependency */ = {
			isa = PBXTargetDependency;
			target = 7F6A9FDF2CB703D3003AE5B6 /* poc */;
			targetProxy = 7F6A9FFB2CB703D5003AE5B6 /* PBXContainerItemProxy */;
		};
/* End PBXTargetDependency section */

/* Begin XCBuildConfiguration section */
		7F6AA0022CB703D5003AE5B6 /* Debug */ = {
			isa = XCBuildConfiguration;
			buildSettings = {
				ALWAYS_SEARCH_USER_PATHS = NO;
				ASSETCATALOG_COMPILER_GENERATE_SWIFT_ASSET_SYMBOL_EXTENSIONS = YES;
				CLANG_ANALYZER_NONNULL = YES;
				CLANG_ANALYZER_NUMBER_OBJECT_CONVERSION = YES_AGGRESSIVE;
				CLANG_CXX_LANGUAGE_STANDARD = "gnu++20";
				CLANG_ENABLE_MODULES = YES;
				CLANG_ENABLE_OBJC_ARC = YES;
				CLANG_ENABLE_OBJC_WEAK = YES;
				CLANG_WARN_BLOCK_CAPTURE_AUTORELEASING = YES;
				CLANG_WARN_BOOL_CONVERSION = YES;
				CLANG_WARN_COMMA = YES;
				CLANG_WARN_CONSTANT_CONVERSION = YES;
				CLANG_WARN_DEPRECATED_OBJC_IMPLEMENTATIONS = YES;
				CLANG_WARN_DIRECT_OBJC_ISA_USAGE = YES_ERROR;
				CLANG_WARN_DOCUMENTATION_COMMENTS = YES;
				CLANG_WARN_EMPTY_BODY = YES;
				CLANG_WARN_ENUM_CONVERSION = YES;
				CLANG_WARN_INFINITE_RECURSION = YES;
				CLANG_WARN_INT_CONVERSION = YES;
				CLANG_WARN_NON_LITERAL_NULL_CONVERSION = YES;
				CLANG_WARN_OBJC_IMPLICIT_RETAIN_SELF = YES;
				CLANG_WARN_OBJC_LITERAL_CONVERSION = YES;
				CLANG_WARN_OBJC_ROOT_CLASS = YES_ERROR;
				CLANG_WARN_QUOTED_INCLUDE_IN_FRAMEWORK_HEADER = YES;
				CLANG_WARN_RANGE_LOOP_ANALYSIS = YES;
				CLANG_WARN_STRICT_PROTOTYPES = YES;
				CLANG_WARN_SUSPICIOUS_MOVE = YES;
				CLANG_WARN_UNGUARDED_AVAILABILITY = YES_AGGRESSIVE;
				CLANG_WARN_UNREACHABLE_CODE = YES;
				CLANG_WARN__DUPLICATE_METHOD_MATCH = YES;
				COPY_PHASE_STRIP = NO;
				DEBUG_INFORMATION_FORMAT = dwarf;
				ENABLE_STRICT_OBJC_MSGSEND = YES;
				ENABLE_TESTABILITY = YES;
				ENABLE_USER_SCRIPT_SANDBOXING = YES;
				GCC_C_LANGUAGE_STANDARD = gnu17;
				GCC_DYNAMIC_NO_PIC = NO;
				GCC_NO_COMMON_BLOCKS = YES;
				GCC_OPTIMIZATION_LEVEL = 0;
				GCC_PREPROCESSOR_DEFINITIONS = (
					"DEBUG=1",
					"$(inherited)",
				);
				GCC_WARN_64_TO_32_BIT_CONVERSION = YES;
				GCC_WARN_ABOUT_RETURN_TYPE = YES_ERROR;
				GCC_WARN_UNDECLARED_SELECTOR = YES;
				GCC_WARN_UNINITIALIZED_AUTOS = YES_AGGRESSIVE;
				GCC_WARN_UNUSED_FUNCTION = YES;
				GCC_WARN_UNUSED_VARIABLE = YES;
				IPHONEOS_DEPLOYMENT_TARGET = 17.2;
				LOCALIZATION_PREFERS_STRING_CATALOGS = YES;
				MTL_ENABLE_DEBUG_INFO = INCLUDE_SOURCE;
				MTL_FAST_MATH = YES;
				ONLY_ACTIVE_ARCH = YES;
				SDKROOT = iphoneos;
				SWIFT_ACTIVE_COMPILATION_CONDITIONS = "DEBUG $(inherited)";
				SWIFT_OPTIMIZATION_LEVEL = "-Onone";
			};
			name = Debug;
		};
		7F6AA0032CB703D5003AE5B6 /* Release */ = {
			isa = XCBuildConfiguration;
			buildSettings = {
				ALWAYS_SEARCH_USER_PATHS = NO;
				ASSETCATALOG_COMPILER_GENERATE_SWIFT_ASSET_SYMBOL_EXTENSIONS = YES;
				CLANG_ANALYZER_NONNULL = YES;
				CLANG_ANALYZER_NUMBER_OBJECT_CONVERSION = YES_AGGRESSIVE;
				CLANG_CXX_LANGUAGE_STANDARD = "gnu++20";
				CLANG_ENABLE_MODULES = YES;
				CLANG_ENABLE_OBJC_ARC = YES;
				CLANG_ENABLE_OBJC_WEAK = YES;
				CLANG_WARN_BLOCK_CAPTURE_AUTORELEASING = YES;
				CLANG_WARN_BOOL_CONVERSION = YES;
				CLANG_WARN_COMMA = YES;
				CLANG_WARN_CONSTANT_CONVERSION = YES;
				CLANG_WARN_DEPRECATED_OBJC_IMPLEMENTATIONS = YES;
				CLANG_WARN_DIRECT_OBJC_ISA_USAGE = YES_ERROR;
				CLANG_WARN_DOCUMENTATION_COMMENTS = YES;
				CLANG_WARN_EMPTY_BODY = YES;
				CLANG_WARN_ENUM_CONVERSION = YES;
				CLANG_WARN_INFINITE_RECURSION = YES;
				CLANG_WARN_INT_CONVERSION = YES;
				CLANG_WARN_NON_LITERAL_NULL_CONVERSION = YES;
				CLANG_WARN_OBJC_IMPLICIT_RETAIN_SELF = YES;
				CLANG_WARN_OBJC_LITERAL_CONVERSION = YES;
				CLANG_WARN_OBJC_ROOT_CLASS = YES_ERROR;
				CLANG_WARN_QUOTED_INCLUDE_IN_FRAMEWORK_HEADER = YES;
				CLANG_WARN_RANGE_LOOP_ANALYSIS = YES;
				CLANG_WARN_STRICT_PROTOTYPES = YES;
				CLANG_WARN_SUSPICIOUS_MOVE = YES;
				CLANG_WARN_UNGUARDED_AVAILABILITY = YES_AGGRESSIVE;
				CLANG_WARN_UNREACHABLE_CODE = YES;
				CLANG_WARN__DUPLICATE_METHOD_MATCH = YES;
				COPY_PHASE_STRIP = NO;
				DEBUG_INFORMATION_FORMAT = "dwarf-with-dsym";
				ENABLE_NS_ASSERTIONS = NO;
				ENABLE_STRICT_OBJC_MSGSEND = YES;
				ENABLE_USER_SCRIPT_SANDBOXING = YES;
				GCC_C_LANGUAGE_STANDARD = gnu17;
				GCC_NO_COMMON_BLOCKS = YES;
				GCC_WARN_64_TO_32_BIT_CONVERSION = YES;
				GCC_WARN_ABOUT_RETURN_TYPE = YES_ERROR;
				GCC_WARN_UNDECLARED_SELECTOR = YES;
				GCC_WARN_UNINITIALIZED_AUTOS = YES_AGGRESSIVE;
				GCC_WARN_UNUSED_FUNCTION = YES;
				GCC_WARN_UNUSED_VARIABLE = YES;
				IPHONEOS_DEPLOYMENT_TARGET = 17.2;
				LOCALIZATION_PREFERS_STRING_CATALOGS = YES;
				MTL_ENABLE_DEBUG_INFO = NO;
				MTL_FAST_MATH = YES;
				SDKROOT = iphoneos;
				SWIFT_COMPILATION_MODE = wholemodule;
				VALIDATE_PRODUCT = YES;
			};
			name = Release;
		};
		7F6AA0052CB703D5003AE5B6 /* Debug */ = {
			isa = XCBuildConfiguration;
			buildSettings = {
				ASSETCATALOG_COMPILER_APPICON_NAME = AppIcon;
				ASSETCATALOG_COMPILER_GLOBAL_ACCENT_COLOR_NAME = AccentColor;
				CODE_SIGN_STYLE = Automatic;
				CURRENT_PROJECT_VERSION = 1;
				DEVELOPMENT_ASSET_PATHS = "\"poc/Preview Content\"";
				DEVELOPMENT_TEAM = DGB95U3RG5;
				ENABLE_PREVIEWS = YES;
				GENERATE_INFOPLIST_FILE = YES;
				INFOPLIST_KEY_UIApplicationSceneManifest_Generation = YES;
				INFOPLIST_KEY_UIApplicationSupportsIndirectInputEvents = YES;
				INFOPLIST_KEY_UILaunchScreen_Generation = YES;
				INFOPLIST_KEY_UISupportedInterfaceOrientations_iPad = "UIInterfaceOrientationPortrait UIInterfaceOrientationPortraitUpsideDown UIInterfaceOrientationLandscapeLeft UIInterfaceOrientationLandscapeRight";
				INFOPLIST_KEY_UISupportedInterfaceOrientations_iPhone = "UIInterfaceOrientationPortrait UIInterfaceOrientationLandscapeLeft UIInterfaceOrientationLandscapeRight";
				LD_RUNPATH_SEARCH_PATHS = (
					"$(inherited)",
					"@executable_path/Frameworks",
				);
				MARKETING_VERSION = 1.0;
				PRODUCT_BUNDLE_IDENTIFIER = arquitetura.poc;
				PRODUCT_NAME = "$(TARGET_NAME)";
				SWIFT_EMIT_LOC_STRINGS = YES;
				SWIFT_VERSION = 5.0;
				TARGETED_DEVICE_FAMILY = "1,2";
			};
			name = Debug;
		};
		7F6AA0062CB703D5003AE5B6 /* Release */ = {
			isa = XCBuildConfiguration;
			buildSettings = {
				ASSETCATALOG_COMPILER_APPICON_NAME = AppIcon;
				ASSETCATALOG_COMPILER_GLOBAL_ACCENT_COLOR_NAME = AccentColor;
				CODE_SIGN_STYLE = Automatic;
				CURRENT_PROJECT_VERSION = 1;
				DEVELOPMENT_ASSET_PATHS = "\"poc/Preview Content\"";
				DEVELOPMENT_TEAM = DGB95U3RG5;
				ENABLE_PREVIEWS = YES;
				GENERATE_INFOPLIST_FILE = YES;
				INFOPLIST_KEY_UIApplicationSceneManifest_Generation = YES;
				INFOPLIST_KEY_UIApplicationSupportsIndirectInputEvents = YES;
				INFOPLIST_KEY_UILaunchScreen_Generation = YES;
				INFOPLIST_KEY_UISupportedInterfaceOrientations_iPad = "UIInterfaceOrientationPortrait UIInterfaceOrientationPortraitUpsideDown UIInterfaceOrientationLandscapeLeft UIInterfaceOrientationLandscapeRight";
				INFOPLIST_KEY_UISupportedInterfaceOrientations_iPhone = "UIInterfaceOrientationPortrait UIInterfaceOrientationLandscapeLeft UIInterfaceOrientationLandscapeRight";
				LD_RUNPATH_SEARCH_PATHS = (
					"$(inherited)",
					"@executable_path/Frameworks",
				);
				MARKETING_VERSION = 1.0;
				PRODUCT_BUNDLE_IDENTIFIER = arquitetura.poc;
				PRODUCT_NAME = "$(TARGET_NAME)";
				SWIFT_EMIT_LOC_STRINGS = YES;
				SWIFT_VERSION = 5.0;
				TARGETED_DEVICE_FAMILY = "1,2";
			};
			name = Release;
		};
		7F6AA0082CB703D5003AE5B6 /* Debug */ = {
			isa = XCBuildConfiguration;
			buildSettings = {
				ALWAYS_EMBED_SWIFT_STANDARD_LIBRARIES = YES;
				BUNDLE_LOADER = "$(TEST_HOST)";
				CODE_SIGN_STYLE = Automatic;
				CURRENT_PROJECT_VERSION = 1;
				DEVELOPMENT_TEAM = DGB95U3RG5;
				GENERATE_INFOPLIST_FILE = YES;
				IPHONEOS_DEPLOYMENT_TARGET = 17.2;
				MARKETING_VERSION = 1.0;
				PRODUCT_BUNDLE_IDENTIFIER = arquitetura.pocTests;
				PRODUCT_NAME = "$(TARGET_NAME)";
				SWIFT_EMIT_LOC_STRINGS = NO;
				SWIFT_VERSION = 5.0;
				TARGETED_DEVICE_FAMILY = "1,2";
				TEST_HOST = "$(BUILT_PRODUCTS_DIR)/poc.app/$(BUNDLE_EXECUTABLE_FOLDER_PATH)/poc";
			};
			name = Debug;
		};
		7F6AA0092CB703D5003AE5B6 /* Release */ = {
			isa = XCBuildConfiguration;
			buildSettings = {
				ALWAYS_EMBED_SWIFT_STANDARD_LIBRARIES = YES;
				BUNDLE_LOADER = "$(TEST_HOST)";
				CODE_SIGN_STYLE = Automatic;
				CURRENT_PROJECT_VERSION = 1;
				DEVELOPMENT_TEAM = DGB95U3RG5;
				GENERATE_INFOPLIST_FILE = YES;
				IPHONEOS_DEPLOYMENT_TARGET = 17.2;
				MARKETING_VERSION = 1.0;
				PRODUCT_BUNDLE_IDENTIFIER = arquitetura.pocTests;
				PRODUCT_NAME = "$(TARGET_NAME)";
				SWIFT_EMIT_LOC_STRINGS = NO;
				SWIFT_VERSION = 5.0;
				TARGETED_DEVICE_FAMILY = "1,2";
				TEST_HOST = "$(BUILT_PRODUCTS_DIR)/poc.app/$(BUNDLE_EXECUTABLE_FOLDER_PATH)/poc";
			};
			name = Release;
		};
		7F6AA00B2CB703D5003AE5B6 /* Debug */ = {
			isa = XCBuildConfiguration;
			buildSettings = {
				ALWAYS_EMBED_SWIFT_STANDARD_LIBRARIES = YES;
				CODE_SIGN_STYLE = Automatic;
				CURRENT_PROJECT_VERSION = 1;
				DEVELOPMENT_TEAM = DGB95U3RG5;
				GENERATE_INFOPLIST_FILE = YES;
				MARKETING_VERSION = 1.0;
				PRODUCT_BUNDLE_IDENTIFIER = arquitetura.pocUITests;
				PRODUCT_NAME = "$(TARGET_NAME)";
				SWIFT_EMIT_LOC_STRINGS = NO;
				SWIFT_VERSION = 5.0;
				TARGETED_DEVICE_FAMILY = "1,2";
				TEST_TARGET_NAME = poc;
			};
			name = Debug;
		};
		7F6AA00C2CB703D5003AE5B6 /* Release */ = {
			isa = XCBuildConfiguration;
			buildSettings = {
				ALWAYS_EMBED_SWIFT_STANDARD_LIBRARIES = YES;
				CODE_SIGN_STYLE = Automatic;
				CURRENT_PROJECT_VERSION = 1;
				DEVELOPMENT_TEAM = DGB95U3RG5;
				GENERATE_INFOPLIST_FILE = YES;
				MARKETING_VERSION = 1.0;
				PRODUCT_BUNDLE_IDENTIFIER = arquitetura.pocUITests;
				PRODUCT_NAME = "$(TARGET_NAME)";
				SWIFT_EMIT_LOC_STRINGS = NO;
				SWIFT_VERSION = 5.0;
				TARGETED_DEVICE_FAMILY = "1,2";
				TEST_TARGET_NAME = poc;
			};
			name = Release;
		};
/* End XCBuildConfiguration section */

/* Begin XCConfigurationList section */
		7F6A9FDB2CB703D3003AE5B6 /* Build configuration list for PBXProject "poc" */ = {
			isa = XCConfigurationList;
			buildConfigurations = (
				7F6AA0022CB703D5003AE5B6 /* Debug */,
				7F6AA0032CB703D5003AE5B6 /* Release */,
			);
			defaultConfigurationIsVisible = 0;
			defaultConfigurationName = Release;
		};
		7F6AA0042CB703D5003AE5B6 /* Build configuration list for PBXNativeTarget "poc" */ = {
			isa = XCConfigurationList;
			buildConfigurations = (
				7F6AA0052CB703D5003AE5B6 /* Debug */,
				7F6AA0062CB703D5003AE5B6 /* Release */,
			);
			defaultConfigurationIsVisible = 0;
			defaultConfigurationName = Release;
		};
		7F6AA0072CB703D5003AE5B6 /* Build configuration list for PBXNativeTarget "pocTests" */ = {
			isa = XCConfigurationList;
			buildConfigurations = (
				7F6AA0082CB703D5003AE5B6 /* Debug */,
				7F6AA0092CB703D5003AE5B6 /* Release */,
			);
			defaultConfigurationIsVisible = 0;
			defaultConfigurationName = Release;
		};
		7F6AA00A2CB703D5003AE5B6 /* Build configuration list for PBXNativeTarget "pocUITests" */ = {
			isa = XCConfigurationList;
			buildConfigurations = (
				7F6AA00B2CB703D5003AE5B6 /* Debug */,
				7F6AA00C2CB703D5003AE5B6 /* Release */,
			);
			defaultConfigurationIsVisible = 0;
			defaultConfigurationName = Release;
		};
/* End XCConfigurationList section */
	};
	rootObject = 7F6A9FD82CB703D3003AE5B6 /* Project object */;
}
